
Microsoft Visual Studio Solution File, Format Version 12.00
# Visual Studio Version 17
VisualStudioVersion = 17.3.32922.545
MinimumVisualStudioVersion = 10.0.40219.1
Project("{9A19103F-16F7-4668-BE54-9A1E7A4F7556}") = "Restaurant.Booking", "Les3\Restaraunt.Booking\Restaurant.Booking.csproj", "{92DB2044-6CA7-47DD-BDB1-E0481AB8F1FC}"
EndProject
Project("{9A19103F-16F7-4668-BE54-9A1E7A4F7556}") = "Restaurant.Kitchen", "Les3\Restaurant.Kitchen\Restaurant.Kitchen.csproj", "{5BDD765F-57BD-4732-9312-6957C06FB9D4}"
EndProject
Project("{9A19103F-16F7-4668-BE54-9A1E7A4F7556}") = "Restaurant.Messages", "Les3\Restaurant.Messages\Restaurant.Messages.csproj", "{9DC677C2-6FA0-450F-8B24-9B6502A67CB3}"
EndProject
Project("{9A19103F-16F7-4668-BE54-9A1E7A4F7556}") = "Restaurant.Notification", "Les3\Restaurant.Notification\Restaurant.Notification.csproj", "{C6527504-2B03-41A3-A614-8DECA7FAF37F}"
EndProject
Project("{9A19103F-16F7-4668-BE54-9A1E7A4F7556}") = "Restaurant.Tests", "Les3\Restaurant.Tests\Restaurant.Tests.csproj", "{8D1A37D5-FCAD-4268-BC45-772154E17939}"
EndProject
Global
	GlobalSection(SolutionConfigurationPlatforms) = preSolution
		Debug|Any CPU = Debug|Any CPU
		Release|Any CPU = Release|Any CPU
	EndGlobalSection
	GlobalSection(ProjectConfigurationPlatforms) = postSolution
		{92DB2044-6CA7-47DD-BDB1-E0481AB8F1FC}.Debug|Any CPU.ActiveCfg = Debug|Any CPU
		{92DB2044-6CA7-47DD-BDB1-E0481AB8F1FC}.Debug|Any CPU.Build.0 = Debug|Any CPU
		{92DB2044-6CA7-47DD-BDB1-E0481AB8F1FC}.Release|Any CPU.ActiveCfg = Release|Any CPU
		{92DB2044-6CA7-47DD-BDB1-E0481AB8F1FC}.Release|Any CPU.Build.0 = Release|Any CPU
		{5BDD765F-57BD-4732-9312-6957C06FB9D4}.Debug|Any CPU.ActiveCfg = Debug|Any CPU
		{5BDD765F-57BD-4732-9312-6957C06FB9D4}.Debug|Any CPU.Build.0 = Debug|Any CPU
		{5BDD765F-57BD-4732-9312-6957C06FB9D4}.Release|Any CPU.ActiveCfg = Release|Any CPU
		{5BDD765F-57BD-4732-9312-6957C06FB9D4}.Release|Any CPU.Build.0 = Release|Any CPU
		{9DC677C2-6FA0-450F-8B24-9B6502A67CB3}.Debug|Any CPU.ActiveCfg = Debug|Any CPU
		{9DC677C2-6FA0-450F-8B24-9B6502A67CB3}.Debug|Any CPU.Build.0 = Debug|Any CPU
		{9DC677C2-6FA0-450F-8B24-9B6502A67CB3}.Release|Any CPU.ActiveCfg = Release|Any CPU
		{9DC677C2-6FA0-450F-8B24-9B6502A67CB3}.Release|Any CPU.Build.0 = Release|Any CPU
		{C6527504-2B03-41A3-A614-8DECA7FAF37F}.Debug|Any CPU.ActiveCfg = Debug|Any CPU
		{C6527504-2B03-41A3-A614-8DECA7FAF37F}.Debug|Any CPU.Build.0 = Debug|Any CPU
		{C6527504-2B03-41A3-A614-8DECA7FAF37F}.Release|Any CPU.ActiveCfg = Release|Any CPU
		{C6527504-2B03-41A3-A614-8DECA7FAF37F}.Release|Any CPU.Build.0 = Release|Any CPU
		{8D1A37D5-FCAD-4268-BC45-772154E17939}.Debug|Any CPU.ActiveCfg = Debug|Any CPU
		{8D1A37D5-FCAD-4268-BC45-772154E17939}.Debug|Any CPU.Build.0 = Debug|Any CPU
		{8D1A37D5-FCAD-4268-BC45-772154E17939}.Release|Any CPU.ActiveCfg = Release|Any CPU
		{8D1A37D5-FCAD-4268-BC45-772154E17939}.Release|Any CPU.Build.0 = Release|Any CPU
	EndGlobalSection
	GlobalSection(SolutionProperties) = preSolution
		HideSolutionNode = FALSE
	EndGlobalSection
	GlobalSection(ExtensibilityGlobals) = postSolution
		SolutionGuid = {0DAD1F22-FBCD-4C6C-BD9F-C571CCFA1060}
	EndGlobalSection
EndGlobal
