
Microsoft Visual Studio Solution File, Format Version 12.00
# Visual Studio Version 17
VisualStudioVersion = 17.3.32922.545
MinimumVisualStudioVersion = 10.0.40219.1
Project("{9A19103F-16F7-4668-BE54-9A1E7A4F7556}") = "Les1", "Les1\Les1.csproj", "{16E77B7C-F67D-4A6B-8519-D962093872BC}"
EndProject
Project("{9A19103F-16F7-4668-BE54-9A1E7A4F7556}") = "Messaging", "Messaging\Messaging.csproj", "{C5A40877-93A9-4A3A-A6D1-17C79D9E3036}"
EndProject
Project("{9A19103F-16F7-4668-BE54-9A1E7A4F7556}") = "Restaraunt.Booking", "Restaraunt.Booking\Restaraunt.Booking.csproj", "{21205ACE-9874-4FA9-B93A-D0E003CCDDEA}"
EndProject
Project("{9A19103F-16F7-4668-BE54-9A1E7A4F7556}") = "Restourant.Notifications", "Restourant.Notifications\Restourant.Notifications.csproj", "{E66E0EB4-98A2-4942-88E9-45869FCE6654}"
EndProject
Project("{9A19103F-16F7-4668-BE54-9A1E7A4F7556}") = "Restourant.Notifications_V2", "Restourant.Notifications_V2\Restourant.Notifications_V2.csproj", "{9D8D6C93-48C7-4BF4-83AF-5E335322D61F}"
EndProject
Project("{9A19103F-16F7-4668-BE54-9A1E7A4F7556}") = "SettingRabbit", "SettingRabbit\SettingRabbit.csproj", "{D6648AD0-22CC-4DFF-9357-62A32EB1EA52}"
EndProject
Global
	GlobalSection(SolutionConfigurationPlatforms) = preSolution
		Debug|Any CPU = Debug|Any CPU
		Release|Any CPU = Release|Any CPU
	EndGlobalSection
	GlobalSection(ProjectConfigurationPlatforms) = postSolution
		{16E77B7C-F67D-4A6B-8519-D962093872BC}.Debug|Any CPU.ActiveCfg = Debug|Any CPU
		{16E77B7C-F67D-4A6B-8519-D962093872BC}.Debug|Any CPU.Build.0 = Debug|Any CPU
		{16E77B7C-F67D-4A6B-8519-D962093872BC}.Release|Any CPU.ActiveCfg = Release|Any CPU
		{16E77B7C-F67D-4A6B-8519-D962093872BC}.Release|Any CPU.Build.0 = Release|Any CPU
		{C5A40877-93A9-4A3A-A6D1-17C79D9E3036}.Debug|Any CPU.ActiveCfg = Debug|Any CPU
		{C5A40877-93A9-4A3A-A6D1-17C79D9E3036}.Debug|Any CPU.Build.0 = Debug|Any CPU
		{C5A40877-93A9-4A3A-A6D1-17C79D9E3036}.Release|Any CPU.ActiveCfg = Release|Any CPU
		{C5A40877-93A9-4A3A-A6D1-17C79D9E3036}.Release|Any CPU.Build.0 = Release|Any CPU
		{21205ACE-9874-4FA9-B93A-D0E003CCDDEA}.Debug|Any CPU.ActiveCfg = Debug|Any CPU
		{21205ACE-9874-4FA9-B93A-D0E003CCDDEA}.Debug|Any CPU.Build.0 = Debug|Any CPU
		{21205ACE-9874-4FA9-B93A-D0E003CCDDEA}.Release|Any CPU.ActiveCfg = Release|Any CPU
		{21205ACE-9874-4FA9-B93A-D0E003CCDDEA}.Release|Any CPU.Build.0 = Release|Any CPU
		{E66E0EB4-98A2-4942-88E9-45869FCE6654}.Debug|Any CPU.ActiveCfg = Debug|Any CPU
		{E66E0EB4-98A2-4942-88E9-45869FCE6654}.Debug|Any CPU.Build.0 = Debug|Any CPU
		{E66E0EB4-98A2-4942-88E9-45869FCE6654}.Release|Any CPU.ActiveCfg = Release|Any CPU
		{E66E0EB4-98A2-4942-88E9-45869FCE6654}.Release|Any CPU.Build.0 = Release|Any CPU
		{9D8D6C93-48C7-4BF4-83AF-5E335322D61F}.Debug|Any CPU.ActiveCfg = Debug|Any CPU
		{9D8D6C93-48C7-4BF4-83AF-5E335322D61F}.Debug|Any CPU.Build.0 = Debug|Any CPU
		{9D8D6C93-48C7-4BF4-83AF-5E335322D61F}.Release|Any CPU.ActiveCfg = Release|Any CPU
		{9D8D6C93-48C7-4BF4-83AF-5E335322D61F}.Release|Any CPU.Build.0 = Release|Any CPU
		{D6648AD0-22CC-4DFF-9357-62A32EB1EA52}.Debug|Any CPU.ActiveCfg = Debug|Any CPU
		{D6648AD0-22CC-4DFF-9357-62A32EB1EA52}.Debug|Any CPU.Build.0 = Debug|Any CPU
		{D6648AD0-22CC-4DFF-9357-62A32EB1EA52}.Release|Any CPU.ActiveCfg = Release|Any CPU
		{D6648AD0-22CC-4DFF-9357-62A32EB1EA52}.Release|Any CPU.Build.0 = Release|Any CPU
	EndGlobalSection
	GlobalSection(SolutionProperties) = preSolution
		HideSolutionNode = FALSE
	EndGlobalSection
	GlobalSection(ExtensibilityGlobals) = postSolution
		SolutionGuid = {0DAD1F22-FBCD-4C6C-BD9F-C571CCFA1060}
	EndGlobalSection
EndGlobal
